
Microsoft Visual Studio Solution File, Format Version 12.00
# Visual Studio Version 16
VisualStudioVersion = 16.0.30330.147
MinimumVisualStudioVersion = 10.0.40219.1
Project("{FAE04EC0-301F-11D3-BF4B-00C04F79EFBC}") = "ConsoleUI", "ConsoleUI\ConsoleUI.csproj", "{0B4C5621-BB98-48C3-ACF1-4E59BABA20E7}"
EndProject
Global
	GlobalSection(SolutionConfigurationPlatforms) = preSolution
		Debug|Any CPU = Debug|Any CPU
		Release|Any CPU = Release|Any CPU
	EndGlobalSection
	GlobalSection(ProjectConfigurationPlatforms) = postSolution
		{0B4C5621-BB98-48C3-ACF1-4E59BABA20E7}.Debug|Any CPU.ActiveCfg = Debug|Any CPU
		{0B4C5621-BB98-48C3-ACF1-4E59BABA20E7}.Debug|Any CPU.Build.0 = Debug|Any CPU
		{0B4C5621-BB98-48C3-ACF1-4E59BABA20E7}.Release|Any CPU.ActiveCfg = Release|Any CPU
		{0B4C5621-BB98-48C3-ACF1-4E59BABA20E7}.Release|Any CPU.Build.0 = Release|Any CPU
	EndGlobalSection
	GlobalSection(SolutionProperties) = preSolution
		HideSolutionNode = FALSE
	EndGlobalSection
	GlobalSection(ExtensibilityGlobals) = postSolution
		SolutionGuid = {D23FFDF9-6882-49A1-9C2F-53F902E598DE}
	EndGlobalSection
EndGlobal
